// !$*UTF8*$!
{
	archiveVersion = 1;
	classes = {
	};
	objectVersion = 56;
	objects = {

/* Begin PBXBuildFile section */
		352F72F12A64D91700423A08 /* AppDelegate.swift in Sources */ = {isa = PBXBuildFile; fileRef = 352F72F02A64D91700423A08 /* AppDelegate.swift */; };
		352F72FA2A64D91800423A08 /* Assets.xcassets in Resources */ = {isa = PBXBuildFile; fileRef = 352F72F92A64D91800423A08 /* Assets.xcassets */; };
		352F72FD2A64D91800423A08 /* LaunchScreen.storyboard in Resources */ = {isa = PBXBuildFile; fileRef = 352F72FB2A64D91800423A08 /* LaunchScreen.storyboard */; };
		352F73122A64DA6C00423A08 /* MainVC.swift in Sources */ = {isa = PBXBuildFile; fileRef = 352F73102A64DA6C00423A08 /* MainVC.swift */; };
		352F73132A64DA6C00423A08 /* MainVC.xib in Resources */ = {isa = PBXBuildFile; fileRef = 352F73112A64DA6C00423A08 /* MainVC.xib */; };
		352F73262A64DAA300423A08 /* poppins_light.ttf in Resources */ = {isa = PBXBuildFile; fileRef = 352F73162A64DAA300423A08 /* poppins_light.ttf */; };
		352F73272A64DAA300423A08 /* poppins_semibold.ttf in Resources */ = {isa = PBXBuildFile; fileRef = 352F73172A64DAA300423A08 /* poppins_semibold.ttf */; };
		352F73282A64DAA300423A08 /* minecraft_regular.otf in Resources */ = {isa = PBXBuildFile; fileRef = 352F73182A64DAA300423A08 /* minecraft_regular.otf */; };
		352F73292A64DAA300423A08 /* minecrafter_reg.ttf in Resources */ = {isa = PBXBuildFile; fileRef = 352F73192A64DAA300423A08 /* minecrafter_reg.ttf */; };
		352F732A2A64DAA300423A08 /* poppins_medium.ttf in Resources */ = {isa = PBXBuildFile; fileRef = 352F731A2A64DAA300423A08 /* poppins_medium.ttf */; };
		352F732B2A64DAA300423A08 /* space_grotesk_bold.ttf in Resources */ = {isa = PBXBuildFile; fileRef = 352F731B2A64DAA300423A08 /* space_grotesk_bold.ttf */; };
		352F732C2A64DAA300423A08 /* poppins_bold.ttf in Resources */ = {isa = PBXBuildFile; fileRef = 352F731C2A64DAA300423A08 /* poppins_bold.ttf */; };
		352F732D2A64DAA300423A08 /* minecraft_bold_italic.otf in Resources */ = {isa = PBXBuildFile; fileRef = 352F731D2A64DAA300423A08 /* minecraft_bold_italic.otf */; };
		352F732E2A64DAA300423A08 /* poppins_regular.ttf in Resources */ = {isa = PBXBuildFile; fileRef = 352F731E2A64DAA300423A08 /* poppins_regular.ttf */; };
		352F732F2A64DAA300423A08 /* minecrafter_alt.ttf in Resources */ = {isa = PBXBuildFile; fileRef = 352F731F2A64DAA300423A08 /* minecrafter_alt.ttf */; };
		352F73302A64DAA300423A08 /* minecraft_bold.otf in Resources */ = {isa = PBXBuildFile; fileRef = 352F73202A64DAA300423A08 /* minecraft_bold.otf */; };
		352F73312A64DAA300423A08 /* space_grotesk_light.ttf in Resources */ = {isa = PBXBuildFile; fileRef = 352F73212A64DAA300423A08 /* space_grotesk_light.ttf */; };
		352F73322A64DAA300423A08 /* space_grotesk_medium.ttf in Resources */ = {isa = PBXBuildFile; fileRef = 352F73222A64DAA300423A08 /* space_grotesk_medium.ttf */; };
		352F73332A64DAA300423A08 /* poppins_italic.ttf in Resources */ = {isa = PBXBuildFile; fileRef = 352F73232A64DAA300423A08 /* poppins_italic.ttf */; };
		352F73342A64DAA300423A08 /* space_grotesk_regular.ttf in Resources */ = {isa = PBXBuildFile; fileRef = 352F73242A64DAA300423A08 /* space_grotesk_regular.ttf */; };
		352F73352A64DAA300423A08 /* minecraft_italic.otf in Resources */ = {isa = PBXBuildFile; fileRef = 352F73252A64DAA300423A08 /* minecraft_italic.otf */; };
		352F733C2A64DE5D00423A08 /* HomeVC.swift in Sources */ = {isa = PBXBuildFile; fileRef = 352F733A2A64DE5D00423A08 /* HomeVC.swift */; };
		352F733D2A64DE5D00423A08 /* HomeVC.xib in Resources */ = {isa = PBXBuildFile; fileRef = 352F733B2A64DE5D00423A08 /* HomeVC.xib */; };
		352F73402A64DE7200423A08 /* FavoriteVC.swift in Sources */ = {isa = PBXBuildFile; fileRef = 352F733E2A64DE7200423A08 /* FavoriteVC.swift */; };
		352F73412A64DE7200423A08 /* FavoriteVC.xib in Resources */ = {isa = PBXBuildFile; fileRef = 352F733F2A64DE7200423A08 /* FavoriteVC.xib */; };
		352F73442A64DE8100423A08 /* SettingVC.swift in Sources */ = {isa = PBXBuildFile; fileRef = 352F73422A64DE8100423A08 /* SettingVC.swift */; };
		352F73452A64DE8100423A08 /* SettingVC.xib in Resources */ = {isa = PBXBuildFile; fileRef = 352F73432A64DE8100423A08 /* SettingVC.xib */; };
		352F734B2A64E04500423A08 /* BaseTableViewCell.swift in Sources */ = {isa = PBXBuildFile; fileRef = 352F73472A64E04500423A08 /* BaseTableViewCell.swift */; };
		352F734C2A64E04500423A08 /* BaseVC.swift in Sources */ = {isa = PBXBuildFile; fileRef = 352F73482A64E04500423A08 /* BaseVC.swift */; };
		352F734D2A64E04500423A08 /* BaseCollectionViewCell.swift in Sources */ = {isa = PBXBuildFile; fileRef = 352F73492A64E04500423A08 /* BaseCollectionViewCell.swift */; };
		352F734E2A64E04500423A08 /* BaseVM.swift in Sources */ = {isa = PBXBuildFile; fileRef = 352F734A2A64E04500423A08 /* BaseVM.swift */; };
		352F735A2A64E08100423A08 /* UIView+Border+Corner.swift in Sources */ = {isa = PBXBuildFile; fileRef = 352F73512A64E08100423A08 /* UIView+Border+Corner.swift */; };
		352F735B2A64E08100423A08 /* UIView+Shadow.swift in Sources */ = {isa = PBXBuildFile; fileRef = 352F73522A64E08100423A08 /* UIView+Shadow.swift */; };
		352F735C2A64E08100423A08 /* UIView+BorderInDirection.swift in Sources */ = {isa = PBXBuildFile; fileRef = 352F73532A64E08100423A08 /* UIView+BorderInDirection.swift */; };
		352F735D2A64E08100423A08 /* UIColor.swift in Sources */ = {isa = PBXBuildFile; fileRef = 352F73542A64E08100423A08 /* UIColor.swift */; };
		352F735E2A64E08100423A08 /* UICollectionView.swift in Sources */ = {isa = PBXBuildFile; fileRef = 352F73552A64E08100423A08 /* UICollectionView.swift */; };
		352F735F2A64E08100423A08 /* UITableView.swift in Sources */ = {isa = PBXBuildFile; fileRef = 352F73562A64E08100423A08 /* UITableView.swift */; };
		352F73602A64E08100423A08 /* UITextField.swift in Sources */ = {isa = PBXBuildFile; fileRef = 352F73572A64E08100423A08 /* UITextField.swift */; };
		352F73612A64E08100423A08 /* String.swift in Sources */ = {isa = PBXBuildFile; fileRef = 352F73582A64E08100423A08 /* String.swift */; };
		352F73652A64E08800423A08 /* GradientView.swift in Sources */ = {isa = PBXBuildFile; fileRef = 352F73642A64E08800423A08 /* GradientView.swift */; };
		352F73682A64E68100423A08 /* mainPageVC.swift in Sources */ = {isa = PBXBuildFile; fileRef = 352F73672A64E68100423A08 /* mainPageVC.swift */; };
		352F736A2A64ED9900423A08 /* Addon.swift in Sources */ = {isa = PBXBuildFile; fileRef = 352F73692A64ED9900423A08 /* Addon.swift */; };
		352F736C2A64F07200423A08 /* Respository.swift in Sources */ = {isa = PBXBuildFile; fileRef = 352F736B2A64F07200423A08 /* Respository.swift */; };
		352F73732A64F2E900423A08 /* NetworkProvider.swift in Sources */ = {isa = PBXBuildFile; fileRef = 352F73722A64F2E900423A08 /* NetworkProvider.swift */; };
		352F73752A64F2FD00423A08 /* NetworkConfig.swift in Sources */ = {isa = PBXBuildFile; fileRef = 352F73742A64F2FD00423A08 /* NetworkConfig.swift */; };
		352F73792A64F37600423A08 /* appNetwork.swift in Sources */ = {isa = PBXBuildFile; fileRef = 352F73782A64F37600423A08 /* appNetwork.swift */; };
		352F737B2A64F38500423A08 /* appNetworkImp.swift in Sources */ = {isa = PBXBuildFile; fileRef = 352F737A2A64F38500423A08 /* appNetworkImp.swift */; };
		352F737D2A64F3E100423A08 /* AppApi.swift in Sources */ = {isa = PBXBuildFile; fileRef = 352F737C2A64F3E100423A08 /* AppApi.swift */; };
		352F737F2A64F41000423A08 /* Configs.swift in Sources */ = {isa = PBXBuildFile; fileRef = 352F737E2A64F41000423A08 /* Configs.swift */; };
		352F73822A64F49100423A08 /* ReachabilityManager.swift in Sources */ = {isa = PBXBuildFile; fileRef = 352F73812A64F49100423A08 /* ReachabilityManager.swift */; };
		352F73842A64F4D700423A08 /* ApiService.swift in Sources */ = {isa = PBXBuildFile; fileRef = 352F73832A64F4D600423A08 /* ApiService.swift */; };
		352F73862A64F4E900423A08 /* ApiServiceImp.swift in Sources */ = {isa = PBXBuildFile; fileRef = 352F73852A64F4E900423A08 /* ApiServiceImp.swift */; };
		352F738A2A64F8CA00423A08 /* AddonCell.swift in Sources */ = {isa = PBXBuildFile; fileRef = 352F73882A64F8CA00423A08 /* AddonCell.swift */; };
		352F738B2A64F8CA00423A08 /* AddonCell.xib in Resources */ = {isa = PBXBuildFile; fileRef = 352F73892A64F8CA00423A08 /* AddonCell.xib */; };
		352F738D2A651F1700423A08 /* KingFisher.swift in Sources */ = {isa = PBXBuildFile; fileRef = 352F738C2A651F1700423A08 /* KingFisher.swift */; };
		352F738F2A65205200423A08 /* RespositoryImp.swift in Sources */ = {isa = PBXBuildFile; fileRef = 352F738E2A65205200423A08 /* RespositoryImp.swift */; };
		352F73912A65224600423A08 /* HomeVM.swift in Sources */ = {isa = PBXBuildFile; fileRef = 352F73902A65224600423A08 /* HomeVM.swift */; };
		352F73932A65237000423A08 /* AppDatasource.swift in Sources */ = {isa = PBXBuildFile; fileRef = 352F73922A65237000423A08 /* AppDatasource.swift */; };
		3564C3152A670412008CED5B /* DetailAddonVM.swift in Sources */ = {isa = PBXBuildFile; fileRef = 3564C3142A670412008CED5B /* DetailAddonVM.swift */; };
		3564C3192A6F6129008CED5B /* SharedFlowLayout.swift in Sources */ = {isa = PBXBuildFile; fileRef = 3564C3182A6F6129008CED5B /* SharedFlowLayout.swift */; };
		3564C31B2A6F6689008CED5B /* CollectionViewCellSizeCalculator.swift in Sources */ = {isa = PBXBuildFile; fileRef = 3564C31A2A6F6689008CED5B /* CollectionViewCellSizeCalculator.swift */; };
		3564C31D2A6F6A9E008CED5B /* NotificationBanner.swift in Sources */ = {isa = PBXBuildFile; fileRef = 3564C31C2A6F6A9E008CED5B /* NotificationBanner.swift */; };
		35DF6D2E2A653D9E005AD456 /* DetailAddonVC.swift in Sources */ = {isa = PBXBuildFile; fileRef = 35DF6D2C2A653D9E005AD456 /* DetailAddonVC.swift */; };
		35DF6D2F2A653D9E005AD456 /* DetailAddonVC.xib in Resources */ = {isa = PBXBuildFile; fileRef = 35DF6D2D2A653D9E005AD456 /* DetailAddonVC.xib */; };
		35DF6D362A66254C005AD456 /* SettingVM.swift in Sources */ = {isa = PBXBuildFile; fileRef = 35DF6D352A66254C005AD456 /* SettingVM.swift */; };
		35DF6D392A6625CE005AD456 /* SettingItem.swift in Sources */ = {isa = PBXBuildFile; fileRef = 35DF6D382A6625CE005AD456 /* SettingItem.swift */; };
		35DF6D3B2A6625D8005AD456 /* SettingSection.swift in Sources */ = {isa = PBXBuildFile; fileRef = 35DF6D3A2A6625D8005AD456 /* SettingSection.swift */; };
		35DF6D3D2A6631A7005AD456 /* SectionFooterView.swift in Sources */ = {isa = PBXBuildFile; fileRef = 35DF6D3C2A6631A6005AD456 /* SectionFooterView.swift */; };
		35DF6D402A663E1C005AD456 /* SettingCell.swift in Sources */ = {isa = PBXBuildFile; fileRef = 35DF6D3E2A663E1C005AD456 /* SettingCell.swift */; };
		35DF6D412A663E1C005AD456 /* SettingCell.xib in Resources */ = {isa = PBXBuildFile; fileRef = 35DF6D3F2A663E1C005AD456 /* SettingCell.xib */; };
		35DF6D452A666FE9005AD456 /* FavoriteVM.swift in Sources */ = {isa = PBXBuildFile; fileRef = 35DF6D442A666FE9005AD456 /* FavoriteVM.swift */; };
		35DF6D492A667057005AD456 /* DBManager.swift in Sources */ = {isa = PBXBuildFile; fileRef = 35DF6D482A667057005AD456 /* DBManager.swift */; };
		35DF6D4B2A66706A005AD456 /* ModelConvertibleType.swift in Sources */ = {isa = PBXBuildFile; fileRef = 35DF6D4A2A66706A005AD456 /* ModelConvertibleType.swift */; };
		35DF6D4D2A667094005AD456 /* Reactive.swift in Sources */ = {isa = PBXBuildFile; fileRef = 35DF6D4C2A667094005AD456 /* Reactive.swift */; };
		35DF6D4F2A6670B0005AD456 /* RealmRepresentable.swift in Sources */ = {isa = PBXBuildFile; fileRef = 35DF6D4E2A6670B0005AD456 /* RealmRepresentable.swift */; };
		35DF6D522A6670DD005AD456 /* RAddon.swift in Sources */ = {isa = PBXBuildFile; fileRef = 35DF6D512A6670DD005AD456 /* RAddon.swift */; };
		35DF6D562A667451005AD456 /* BaseDao.swift in Sources */ = {isa = PBXBuildFile; fileRef = 35DF6D552A667451005AD456 /* BaseDao.swift */; };
		35DF6D582A667471005AD456 /* BaseDaoService.swift in Sources */ = {isa = PBXBuildFile; fileRef = 35DF6D572A667471005AD456 /* BaseDaoService.swift */; };
		35DF6D5B2A6674D6005AD456 /* AddonDAO.swift in Sources */ = {isa = PBXBuildFile; fileRef = 35DF6D5A2A6674D6005AD456 /* AddonDAO.swift */; };
		4F9692FA83FF20E8188CAAC5 /* Pods_Trainning_Project.framework in Frameworks */ = {isa = PBXBuildFile; fileRef = 19CE61126B01C0423980F160 /* Pods_Trainning_Project.framework */; };
/* End PBXBuildFile section */

/* Begin PBXFileReference section */
		19CE61126B01C0423980F160 /* Pods_Trainning_Project.framework */ = {isa = PBXFileReference; explicitFileType = wrapper.framework; includeInIndex = 0; path = Pods_Trainning_Project.framework; sourceTree = BUILT_PRODUCTS_DIR; };
		352F72ED2A64D91700423A08 /* Trainning Project.app */ = {isa = PBXFileReference; explicitFileType = wrapper.application; includeInIndex = 0; path = "Trainning Project.app"; sourceTree = BUILT_PRODUCTS_DIR; };
		352F72F02A64D91700423A08 /* AppDelegate.swift */ = {isa = PBXFileReference; lastKnownFileType = sourcecode.swift; path = AppDelegate.swift; sourceTree = "<group>"; };
		352F72F92A64D91800423A08 /* Assets.xcassets */ = {isa = PBXFileReference; lastKnownFileType = folder.assetcatalog; path = Assets.xcassets; sourceTree = "<group>"; };
		352F72FC2A64D91800423A08 /* Base */ = {isa = PBXFileReference; lastKnownFileType = file.storyboard; name = Base; path = Base.lproj/LaunchScreen.storyboard; sourceTree = "<group>"; };
		352F72FE2A64D91800423A08 /* Info.plist */ = {isa = PBXFileReference; lastKnownFileType = text.plist.xml; path = Info.plist; sourceTree = "<group>"; };
		352F73102A64DA6C00423A08 /* MainVC.swift */ = {isa = PBXFileReference; lastKnownFileType = sourcecode.swift; path = MainVC.swift; sourceTree = "<group>"; };
		352F73112A64DA6C00423A08 /* MainVC.xib */ = {isa = PBXFileReference; lastKnownFileType = file.xib; path = MainVC.xib; sourceTree = "<group>"; };
		352F73162A64DAA300423A08 /* poppins_light.ttf */ = {isa = PBXFileReference; lastKnownFileType = file; path = poppins_light.ttf; sourceTree = "<group>"; };
		352F73172A64DAA300423A08 /* poppins_semibold.ttf */ = {isa = PBXFileReference; lastKnownFileType = file; path = poppins_semibold.ttf; sourceTree = "<group>"; };
		352F73182A64DAA300423A08 /* minecraft_regular.otf */ = {isa = PBXFileReference; lastKnownFileType = file; path = minecraft_regular.otf; sourceTree = "<group>"; };
		352F73192A64DAA300423A08 /* minecrafter_reg.ttf */ = {isa = PBXFileReference; lastKnownFileType = file; path = minecrafter_reg.ttf; sourceTree = "<group>"; };
		352F731A2A64DAA300423A08 /* poppins_medium.ttf */ = {isa = PBXFileReference; lastKnownFileType = file; path = poppins_medium.ttf; sourceTree = "<group>"; };
		352F731B2A64DAA300423A08 /* space_grotesk_bold.ttf */ = {isa = PBXFileReference; lastKnownFileType = file; path = space_grotesk_bold.ttf; sourceTree = "<group>"; };
		352F731C2A64DAA300423A08 /* poppins_bold.ttf */ = {isa = PBXFileReference; lastKnownFileType = file; path = poppins_bold.ttf; sourceTree = "<group>"; };
		352F731D2A64DAA300423A08 /* minecraft_bold_italic.otf */ = {isa = PBXFileReference; lastKnownFileType = file; path = minecraft_bold_italic.otf; sourceTree = "<group>"; };
		352F731E2A64DAA300423A08 /* poppins_regular.ttf */ = {isa = PBXFileReference; lastKnownFileType = file; path = poppins_regular.ttf; sourceTree = "<group>"; };
		352F731F2A64DAA300423A08 /* minecrafter_alt.ttf */ = {isa = PBXFileReference; lastKnownFileType = file; path = minecrafter_alt.ttf; sourceTree = "<group>"; };
		352F73202A64DAA300423A08 /* minecraft_bold.otf */ = {isa = PBXFileReference; lastKnownFileType = file; path = minecraft_bold.otf; sourceTree = "<group>"; };
		352F73212A64DAA300423A08 /* space_grotesk_light.ttf */ = {isa = PBXFileReference; lastKnownFileType = file; path = space_grotesk_light.ttf; sourceTree = "<group>"; };
		352F73222A64DAA300423A08 /* space_grotesk_medium.ttf */ = {isa = PBXFileReference; lastKnownFileType = file; path = space_grotesk_medium.ttf; sourceTree = "<group>"; };
		352F73232A64DAA300423A08 /* poppins_italic.ttf */ = {isa = PBXFileReference; lastKnownFileType = file; path = poppins_italic.ttf; sourceTree = "<group>"; };
		352F73242A64DAA300423A08 /* space_grotesk_regular.ttf */ = {isa = PBXFileReference; lastKnownFileType = file; path = space_grotesk_regular.ttf; sourceTree = "<group>"; };
		352F73252A64DAA300423A08 /* minecraft_italic.otf */ = {isa = PBXFileReference; lastKnownFileType = file; path = minecraft_italic.otf; sourceTree = "<group>"; };
		352F733A2A64DE5D00423A08 /* HomeVC.swift */ = {isa = PBXFileReference; lastKnownFileType = sourcecode.swift; path = HomeVC.swift; sourceTree = "<group>"; };
		352F733B2A64DE5D00423A08 /* HomeVC.xib */ = {isa = PBXFileReference; lastKnownFileType = file.xib; path = HomeVC.xib; sourceTree = "<group>"; };
		352F733E2A64DE7200423A08 /* FavoriteVC.swift */ = {isa = PBXFileReference; lastKnownFileType = sourcecode.swift; path = FavoriteVC.swift; sourceTree = "<group>"; };
		352F733F2A64DE7200423A08 /* FavoriteVC.xib */ = {isa = PBXFileReference; lastKnownFileType = file.xib; path = FavoriteVC.xib; sourceTree = "<group>"; };
		352F73422A64DE8100423A08 /* SettingVC.swift */ = {isa = PBXFileReference; lastKnownFileType = sourcecode.swift; path = SettingVC.swift; sourceTree = "<group>"; };
		352F73432A64DE8100423A08 /* SettingVC.xib */ = {isa = PBXFileReference; lastKnownFileType = file.xib; path = SettingVC.xib; sourceTree = "<group>"; };
		352F73472A64E04500423A08 /* BaseTableViewCell.swift */ = {isa = PBXFileReference; fileEncoding = 4; lastKnownFileType = sourcecode.swift; path = BaseTableViewCell.swift; sourceTree = "<group>"; };
		352F73482A64E04500423A08 /* BaseVC.swift */ = {isa = PBXFileReference; fileEncoding = 4; lastKnownFileType = sourcecode.swift; path = BaseVC.swift; sourceTree = "<group>"; };
		352F73492A64E04500423A08 /* BaseCollectionViewCell.swift */ = {isa = PBXFileReference; fileEncoding = 4; lastKnownFileType = sourcecode.swift; path = BaseCollectionViewCell.swift; sourceTree = "<group>"; };
		352F734A2A64E04500423A08 /* BaseVM.swift */ = {isa = PBXFileReference; fileEncoding = 4; lastKnownFileType = sourcecode.swift; path = BaseVM.swift; sourceTree = "<group>"; };
		352F73512A64E08100423A08 /* UIView+Border+Corner.swift */ = {isa = PBXFileReference; fileEncoding = 4; lastKnownFileType = sourcecode.swift; path = "UIView+Border+Corner.swift"; sourceTree = "<group>"; };
		352F73522A64E08100423A08 /* UIView+Shadow.swift */ = {isa = PBXFileReference; fileEncoding = 4; lastKnownFileType = sourcecode.swift; path = "UIView+Shadow.swift"; sourceTree = "<group>"; };
		352F73532A64E08100423A08 /* UIView+BorderInDirection.swift */ = {isa = PBXFileReference; fileEncoding = 4; lastKnownFileType = sourcecode.swift; path = "UIView+BorderInDirection.swift"; sourceTree = "<group>"; };
		352F73542A64E08100423A08 /* UIColor.swift */ = {isa = PBXFileReference; fileEncoding = 4; lastKnownFileType = sourcecode.swift; path = UIColor.swift; sourceTree = "<group>"; };
		352F73552A64E08100423A08 /* UICollectionView.swift */ = {isa = PBXFileReference; fileEncoding = 4; lastKnownFileType = sourcecode.swift; path = UICollectionView.swift; sourceTree = "<group>"; };
		352F73562A64E08100423A08 /* UITableView.swift */ = {isa = PBXFileReference; fileEncoding = 4; lastKnownFileType = sourcecode.swift; path = UITableView.swift; sourceTree = "<group>"; };
		352F73572A64E08100423A08 /* UITextField.swift */ = {isa = PBXFileReference; fileEncoding = 4; lastKnownFileType = sourcecode.swift; path = UITextField.swift; sourceTree = "<group>"; };
		352F73582A64E08100423A08 /* String.swift */ = {isa = PBXFileReference; fileEncoding = 4; lastKnownFileType = sourcecode.swift; path = String.swift; sourceTree = "<group>"; };
		352F73642A64E08800423A08 /* GradientView.swift */ = {isa = PBXFileReference; fileEncoding = 4; lastKnownFileType = sourcecode.swift; path = GradientView.swift; sourceTree = "<group>"; };
		352F73672A64E68100423A08 /* mainPageVC.swift */ = {isa = PBXFileReference; lastKnownFileType = sourcecode.swift; path = mainPageVC.swift; sourceTree = "<group>"; };
		352F73692A64ED9900423A08 /* Addon.swift */ = {isa = PBXFileReference; lastKnownFileType = sourcecode.swift; path = Addon.swift; sourceTree = "<group>"; };
		352F736B2A64F07200423A08 /* Respository.swift */ = {isa = PBXFileReference; lastKnownFileType = sourcecode.swift; path = Respository.swift; sourceTree = "<group>"; };
		352F73722A64F2E900423A08 /* NetworkProvider.swift */ = {isa = PBXFileReference; lastKnownFileType = sourcecode.swift; path = NetworkProvider.swift; sourceTree = "<group>"; };
		352F73742A64F2FD00423A08 /* NetworkConfig.swift */ = {isa = PBXFileReference; lastKnownFileType = sourcecode.swift; path = NetworkConfig.swift; sourceTree = "<group>"; };
		352F73782A64F37600423A08 /* appNetwork.swift */ = {isa = PBXFileReference; lastKnownFileType = sourcecode.swift; name = appNetwork.swift; path = ../../../../../../../../../appNetwork.swift; sourceTree = "<group>"; };
		352F737A2A64F38500423A08 /* appNetworkImp.swift */ = {isa = PBXFileReference; lastKnownFileType = sourcecode.swift; path = appNetworkImp.swift; sourceTree = "<group>"; };
		352F737C2A64F3E100423A08 /* AppApi.swift */ = {isa = PBXFileReference; lastKnownFileType = sourcecode.swift; path = AppApi.swift; sourceTree = "<group>"; };
		352F737E2A64F41000423A08 /* Configs.swift */ = {isa = PBXFileReference; lastKnownFileType = sourcecode.swift; path = Configs.swift; sourceTree = "<group>"; };
		352F73812A64F49100423A08 /* ReachabilityManager.swift */ = {isa = PBXFileReference; lastKnownFileType = sourcecode.swift; path = ReachabilityManager.swift; sourceTree = "<group>"; };
		352F73832A64F4D600423A08 /* ApiService.swift */ = {isa = PBXFileReference; lastKnownFileType = sourcecode.swift; path = ApiService.swift; sourceTree = "<group>"; };
		352F73852A64F4E900423A08 /* ApiServiceImp.swift */ = {isa = PBXFileReference; lastKnownFileType = sourcecode.swift; path = ApiServiceImp.swift; sourceTree = "<group>"; };
		352F73882A64F8CA00423A08 /* AddonCell.swift */ = {isa = PBXFileReference; lastKnownFileType = sourcecode.swift; path = AddonCell.swift; sourceTree = "<group>"; };
		352F73892A64F8CA00423A08 /* AddonCell.xib */ = {isa = PBXFileReference; lastKnownFileType = file.xib; path = AddonCell.xib; sourceTree = "<group>"; };
		352F738C2A651F1700423A08 /* KingFisher.swift */ = {isa = PBXFileReference; lastKnownFileType = sourcecode.swift; path = KingFisher.swift; sourceTree = "<group>"; };
		352F738E2A65205200423A08 /* RespositoryImp.swift */ = {isa = PBXFileReference; lastKnownFileType = sourcecode.swift; path = RespositoryImp.swift; sourceTree = "<group>"; };
		352F73902A65224600423A08 /* HomeVM.swift */ = {isa = PBXFileReference; lastKnownFileType = sourcecode.swift; path = HomeVM.swift; sourceTree = "<group>"; };
		352F73922A65237000423A08 /* AppDatasource.swift */ = {isa = PBXFileReference; lastKnownFileType = sourcecode.swift; path = AppDatasource.swift; sourceTree = "<group>"; };
		3564C3142A670412008CED5B /* DetailAddonVM.swift */ = {isa = PBXFileReference; lastKnownFileType = sourcecode.swift; path = DetailAddonVM.swift; sourceTree = "<group>"; };
		3564C3182A6F6129008CED5B /* SharedFlowLayout.swift */ = {isa = PBXFileReference; lastKnownFileType = sourcecode.swift; path = SharedFlowLayout.swift; sourceTree = "<group>"; };
		3564C31A2A6F6689008CED5B /* CollectionViewCellSizeCalculator.swift */ = {isa = PBXFileReference; lastKnownFileType = sourcecode.swift; path = CollectionViewCellSizeCalculator.swift; sourceTree = "<group>"; };
		3564C31C2A6F6A9E008CED5B /* NotificationBanner.swift */ = {isa = PBXFileReference; lastKnownFileType = sourcecode.swift; path = NotificationBanner.swift; sourceTree = "<group>"; };
		35DF6D2C2A653D9E005AD456 /* DetailAddonVC.swift */ = {isa = PBXFileReference; lastKnownFileType = sourcecode.swift; path = DetailAddonVC.swift; sourceTree = "<group>"; };
		35DF6D2D2A653D9E005AD456 /* DetailAddonVC.xib */ = {isa = PBXFileReference; lastKnownFileType = file.xib; path = DetailAddonVC.xib; sourceTree = "<group>"; };
		35DF6D352A66254C005AD456 /* SettingVM.swift */ = {isa = PBXFileReference; lastKnownFileType = sourcecode.swift; path = SettingVM.swift; sourceTree = "<group>"; };
		35DF6D382A6625CE005AD456 /* SettingItem.swift */ = {isa = PBXFileReference; lastKnownFileType = sourcecode.swift; path = SettingItem.swift; sourceTree = "<group>"; };
		35DF6D3A2A6625D8005AD456 /* SettingSection.swift */ = {isa = PBXFileReference; lastKnownFileType = sourcecode.swift; path = SettingSection.swift; sourceTree = "<group>"; };
		35DF6D3C2A6631A6005AD456 /* SectionFooterView.swift */ = {isa = PBXFileReference; lastKnownFileType = sourcecode.swift; path = SectionFooterView.swift; sourceTree = "<group>"; };
		35DF6D3E2A663E1C005AD456 /* SettingCell.swift */ = {isa = PBXFileReference; lastKnownFileType = sourcecode.swift; path = SettingCell.swift; sourceTree = "<group>"; };
		35DF6D3F2A663E1C005AD456 /* SettingCell.xib */ = {isa = PBXFileReference; lastKnownFileType = file.xib; path = SettingCell.xib; sourceTree = "<group>"; };
		35DF6D442A666FE9005AD456 /* FavoriteVM.swift */ = {isa = PBXFileReference; lastKnownFileType = sourcecode.swift; path = FavoriteVM.swift; sourceTree = "<group>"; };
		35DF6D482A667057005AD456 /* DBManager.swift */ = {isa = PBXFileReference; lastKnownFileType = sourcecode.swift; path = DBManager.swift; sourceTree = "<group>"; };
		35DF6D4A2A66706A005AD456 /* ModelConvertibleType.swift */ = {isa = PBXFileReference; lastKnownFileType = sourcecode.swift; path = ModelConvertibleType.swift; sourceTree = "<group>"; };
		35DF6D4C2A667094005AD456 /* Reactive.swift */ = {isa = PBXFileReference; lastKnownFileType = sourcecode.swift; path = Reactive.swift; sourceTree = "<group>"; };
		35DF6D4E2A6670B0005AD456 /* RealmRepresentable.swift */ = {isa = PBXFileReference; lastKnownFileType = sourcecode.swift; path = RealmRepresentable.swift; sourceTree = "<group>"; };
		35DF6D512A6670DD005AD456 /* RAddon.swift */ = {isa = PBXFileReference; lastKnownFileType = sourcecode.swift; path = RAddon.swift; sourceTree = "<group>"; };
		35DF6D552A667451005AD456 /* BaseDao.swift */ = {isa = PBXFileReference; lastKnownFileType = sourcecode.swift; path = BaseDao.swift; sourceTree = "<group>"; };
		35DF6D572A667471005AD456 /* BaseDaoService.swift */ = {isa = PBXFileReference; lastKnownFileType = sourcecode.swift; path = BaseDaoService.swift; sourceTree = "<group>"; };
		35DF6D5A2A6674D6005AD456 /* AddonDAO.swift */ = {isa = PBXFileReference; lastKnownFileType = sourcecode.swift; path = AddonDAO.swift; sourceTree = "<group>"; };
		6356562FA624C039304B6394 /* Pods-Trainning Project.debug.xcconfig */ = {isa = PBXFileReference; includeInIndex = 1; lastKnownFileType = text.xcconfig; name = "Pods-Trainning Project.debug.xcconfig"; path = "Target Support Files/Pods-Trainning Project/Pods-Trainning Project.debug.xcconfig"; sourceTree = "<group>"; };
		A98791FB214EFFCD2CBDBE7A /* Pods-Trainning Project.release.xcconfig */ = {isa = PBXFileReference; includeInIndex = 1; lastKnownFileType = text.xcconfig; name = "Pods-Trainning Project.release.xcconfig"; path = "Target Support Files/Pods-Trainning Project/Pods-Trainning Project.release.xcconfig"; sourceTree = "<group>"; };
/* End PBXFileReference section */

/* Begin PBXFrameworksBuildPhase section */
		352F72EA2A64D91700423A08 /* Frameworks */ = {
			isa = PBXFrameworksBuildPhase;
			buildActionMask = 2147483647;
			files = (
				4F9692FA83FF20E8188CAAC5 /* Pods_Trainning_Project.framework in Frameworks */,
			);
			runOnlyForDeploymentPostprocessing = 0;
		};
/* End PBXFrameworksBuildPhase section */

/* Begin PBXGroup section */
		2F99236539D192629BBB3B25 /* Pods */ = {
			isa = PBXGroup;
			children = (
				6356562FA624C039304B6394 /* Pods-Trainning Project.debug.xcconfig */,
				A98791FB214EFFCD2CBDBE7A /* Pods-Trainning Project.release.xcconfig */,
			);
			path = Pods;
			sourceTree = "<group>";
		};
		352F72E42A64D91700423A08 = {
			isa = PBXGroup;
			children = (
				352F72EF2A64D91700423A08 /* Trainning Project */,
				352F72EE2A64D91700423A08 /* Products */,
				2F99236539D192629BBB3B25 /* Pods */,
				E90CE2F4059F3DC103655586 /* Frameworks */,
			);
			sourceTree = "<group>";
		};
		352F72EE2A64D91700423A08 /* Products */ = {
			isa = PBXGroup;
			children = (
				352F72ED2A64D91700423A08 /* Trainning Project.app */,
			);
			name = Products;
			sourceTree = "<group>";
		};
		352F72EF2A64D91700423A08 /* Trainning Project */ = {
			isa = PBXGroup;
			children = (
				352F73082A64D9C800423A08 /* AppDelegate */,
				352F73072A64D9B900423A08 /* Application */,
				352F73062A64D9A000423A08 /* Data */,
				352F73052A64D95100423A08 /* Resourses */,
				352F73042A64D93F00423A08 /* GlobalDefine */,
				352F72FB2A64D91800423A08 /* LaunchScreen.storyboard */,
			);
			path = "Trainning Project";
			sourceTree = "<group>";
		};
		352F73042A64D93F00423A08 /* GlobalDefine */ = {
			isa = PBXGroup;
			children = (
				352F72FE2A64D91800423A08 /* Info.plist */,
				352F737E2A64F41000423A08 /* Configs.swift */,
			);
			path = GlobalDefine;
			sourceTree = "<group>";
		};
		352F73052A64D95100423A08 /* Resourses */ = {
			isa = PBXGroup;
			children = (
				352F73152A64DAA300423A08 /* font */,
				352F72F92A64D91800423A08 /* Assets.xcassets */,
			);
			path = Resourses;
			sourceTree = "<group>";
		};
		352F73062A64D9A000423A08 /* Data */ = {
			isa = PBXGroup;
			children = (
				35DF6D462A66703B005AD456 /* Local */,
				352F730B2A64D9EA00423A08 /* Model */,
				352F730A2A64D9E500423A08 /* Remote */,
				352F73092A64D9DB00423A08 /* Respository */,
			);
			path = Data;
			sourceTree = "<group>";
		};
		352F73072A64D9B900423A08 /* Application */ = {
			isa = PBXGroup;
			children = (
				3564C3162A6F6105008CED5B /* Shared */,
				352F73632A64E08800423A08 /* Views */,
				352F734F2A64E08100423A08 /* Extensions */,
				352F73462A64E04500423A08 /* Base */,
				352F730D2A64DA0B00423A08 /* Helper */,
				352F730C2A64D9F900423A08 /* ViewController */,
			);
			path = Application;
			sourceTree = "<group>";
		};
		352F73082A64D9C800423A08 /* AppDelegate */ = {
			isa = PBXGroup;
			children = (
				352F72F02A64D91700423A08 /* AppDelegate.swift */,
			);
			path = AppDelegate;
			sourceTree = "<group>";
		};
		352F73092A64D9DB00423A08 /* Respository */ = {
			isa = PBXGroup;
			children = (
				352F736B2A64F07200423A08 /* Respository.swift */,
				352F738E2A65205200423A08 /* RespositoryImp.swift */,
			);
			path = Respository;
			sourceTree = "<group>";
		};
		352F730A2A64D9E500423A08 /* Remote */ = {
			isa = PBXGroup;
			children = (
				352F736E2A64F15300423A08 /* Network */,
				352F736D2A64F14D00423A08 /* Response */,
				352F73832A64F4D600423A08 /* ApiService.swift */,
				352F73852A64F4E900423A08 /* ApiServiceImp.swift */,
			);
			path = Remote;
			sourceTree = "<group>";
		};
		352F730B2A64D9EA00423A08 /* Model */ = {
			isa = PBXGroup;
			children = (
				35DF6D422A666E9E005AD456 /* Addon */,
				35DF6D372A6625BE005AD456 /* Setting */,
			);
			path = Model;
			sourceTree = "<group>";
		};
		352F730C2A64D9F900423A08 /* ViewController */ = {
			isa = PBXGroup;
			children = (
				35DF6D2B2A653D7F005AD456 /* DetailAddon */,
				352F73382A64DDFD00423A08 /* Setting */,
				352F73372A64DDF500423A08 /* Favorite */,
				352F73362A64DDF000423A08 /* Home */,
				352F73142A64DA6F00423A08 /* Main */,
			);
			path = ViewController;
			sourceTree = "<group>";
		};
		352F730D2A64DA0B00423A08 /* Helper */ = {
			isa = PBXGroup;
			children = (
				352F73812A64F49100423A08 /* ReachabilityManager.swift */,
				352F738C2A651F1700423A08 /* KingFisher.swift */,
				352F73922A65237000423A08 /* AppDatasource.swift */,
				3564C31C2A6F6A9E008CED5B /* NotificationBanner.swift */,
			);
			path = Helper;
			sourceTree = "<group>";
		};
		352F73142A64DA6F00423A08 /* Main */ = {
			isa = PBXGroup;
			children = (
				352F73662A64E66B00423A08 /* MainPage */,
				352F73102A64DA6C00423A08 /* MainVC.swift */,
				352F73112A64DA6C00423A08 /* MainVC.xib */,
			);
			path = Main;
			sourceTree = "<group>";
		};
		352F73152A64DAA300423A08 /* font */ = {
			isa = PBXGroup;
			children = (
				352F73162A64DAA300423A08 /* poppins_light.ttf */,
				352F73172A64DAA300423A08 /* poppins_semibold.ttf */,
				352F73182A64DAA300423A08 /* minecraft_regular.otf */,
				352F73192A64DAA300423A08 /* minecrafter_reg.ttf */,
				352F731A2A64DAA300423A08 /* poppins_medium.ttf */,
				352F731B2A64DAA300423A08 /* space_grotesk_bold.ttf */,
				352F731C2A64DAA300423A08 /* poppins_bold.ttf */,
				352F731D2A64DAA300423A08 /* minecraft_bold_italic.otf */,
				352F731E2A64DAA300423A08 /* poppins_regular.ttf */,
				352F731F2A64DAA300423A08 /* minecrafter_alt.ttf */,
				352F73202A64DAA300423A08 /* minecraft_bold.otf */,
				352F73212A64DAA300423A08 /* space_grotesk_light.ttf */,
				352F73222A64DAA300423A08 /* space_grotesk_medium.ttf */,
				352F73232A64DAA300423A08 /* poppins_italic.ttf */,
				352F73242A64DAA300423A08 /* space_grotesk_regular.ttf */,
				352F73252A64DAA300423A08 /* minecraft_italic.otf */,
			);
			path = font;
			sourceTree = "<group>";
		};
		352F73362A64DDF000423A08 /* Home */ = {
			isa = PBXGroup;
			children = (
				352F73872A64F84700423A08 /* Cell */,
				352F733A2A64DE5D00423A08 /* HomeVC.swift */,
				352F733B2A64DE5D00423A08 /* HomeVC.xib */,
				352F73902A65224600423A08 /* HomeVM.swift */,
			);
			path = Home;
			sourceTree = "<group>";
		};
		352F73372A64DDF500423A08 /* Favorite */ = {
			isa = PBXGroup;
			children = (
				352F733E2A64DE7200423A08 /* FavoriteVC.swift */,
				352F733F2A64DE7200423A08 /* FavoriteVC.xib */,
				35DF6D442A666FE9005AD456 /* FavoriteVM.swift */,
			);
			path = Favorite;
			sourceTree = "<group>";
		};
		352F73382A64DDFD00423A08 /* Setting */ = {
			isa = PBXGroup;
			children = (
				35DF6D302A6585B2005AD456 /* Cell */,
				352F73422A64DE8100423A08 /* SettingVC.swift */,
				352F73432A64DE8100423A08 /* SettingVC.xib */,
				35DF6D352A66254C005AD456 /* SettingVM.swift */,
			);
			path = Setting;
			sourceTree = "<group>";
		};
		352F73462A64E04500423A08 /* Base */ = {
			isa = PBXGroup;
			children = (
				352F73472A64E04500423A08 /* BaseTableViewCell.swift */,
				352F73482A64E04500423A08 /* BaseVC.swift */,
				352F73492A64E04500423A08 /* BaseCollectionViewCell.swift */,
				352F734A2A64E04500423A08 /* BaseVM.swift */,
			);
			path = Base;
			sourceTree = "<group>";
		};
		352F734F2A64E08100423A08 /* Extensions */ = {
			isa = PBXGroup;
			children = (
				352F73502A64E08100423A08 /* UIView */,
				352F73542A64E08100423A08 /* UIColor.swift */,
				352F73552A64E08100423A08 /* UICollectionView.swift */,
				352F73562A64E08100423A08 /* UITableView.swift */,
				352F73572A64E08100423A08 /* UITextField.swift */,
				352F73582A64E08100423A08 /* String.swift */,
			);
			path = Extensions;
			sourceTree = "<group>";
		};
		352F73502A64E08100423A08 /* UIView */ = {
			isa = PBXGroup;
			children = (
				352F73512A64E08100423A08 /* UIView+Border+Corner.swift */,
				352F73522A64E08100423A08 /* UIView+Shadow.swift */,
				352F73532A64E08100423A08 /* UIView+BorderInDirection.swift */,
			);
			path = UIView;
			sourceTree = "<group>";
		};
		352F73632A64E08800423A08 /* Views */ = {
			isa = PBXGroup;
			children = (
				352F73642A64E08800423A08 /* GradientView.swift */,
				35DF6D3C2A6631A6005AD456 /* SectionFooterView.swift */,
			);
			path = Views;
			sourceTree = "<group>";
		};
		352F73662A64E66B00423A08 /* MainPage */ = {
			isa = PBXGroup;
			children = (
				352F73672A64E68100423A08 /* mainPageVC.swift */,
			);
			path = MainPage;
			sourceTree = "<group>";
		};
		352F736D2A64F14D00423A08 /* Response */ = {
			isa = PBXGroup;
			children = (
			);
			path = Response;
			sourceTree = "<group>";
		};
		352F736E2A64F15300423A08 /* Network */ = {
			isa = PBXGroup;
			children = (
				352F73772A64F34600423A08 /* AppNetwork */,
				352F73712A64F2C600423A08 /* Configure */,
				352F737C2A64F3E100423A08 /* AppApi.swift */,
			);
			path = Network;
			sourceTree = "<group>";
		};
		352F73712A64F2C600423A08 /* Configure */ = {
			isa = PBXGroup;
			children = (
				352F73722A64F2E900423A08 /* NetworkProvider.swift */,
				352F73742A64F2FD00423A08 /* NetworkConfig.swift */,
			);
			path = Configure;
			sourceTree = "<group>";
		};
		352F73772A64F34600423A08 /* AppNetwork */ = {
			isa = PBXGroup;
			children = (
				352F73782A64F37600423A08 /* appNetwork.swift */,
				352F737A2A64F38500423A08 /* appNetworkImp.swift */,
			);
			path = AppNetwork;
			sourceTree = "<group>";
		};
		352F73872A64F84700423A08 /* Cell */ = {
			isa = PBXGroup;
			children = (
				352F73882A64F8CA00423A08 /* AddonCell.swift */,
				352F73892A64F8CA00423A08 /* AddonCell.xib */,
			);
			path = Cell;
			sourceTree = "<group>";
		};
		3564C3162A6F6105008CED5B /* Shared */ = {
			isa = PBXGroup;
			children = (
				3564C3182A6F6129008CED5B /* SharedFlowLayout.swift */,
				3564C31A2A6F6689008CED5B /* CollectionViewCellSizeCalculator.swift */,
			);
			path = Shared;
			sourceTree = "<group>";
		};
		35DF6D2B2A653D7F005AD456 /* DetailAddon */ = {
			isa = PBXGroup;
			children = (
				35DF6D2C2A653D9E005AD456 /* DetailAddonVC.swift */,
				35DF6D2D2A653D9E005AD456 /* DetailAddonVC.xib */,
				3564C3142A670412008CED5B /* DetailAddonVM.swift */,
			);
			path = DetailAddon;
			sourceTree = "<group>";
		};
		35DF6D302A6585B2005AD456 /* Cell */ = {
			isa = PBXGroup;
			children = (
				35DF6D3E2A663E1C005AD456 /* SettingCell.swift */,
				35DF6D3F2A663E1C005AD456 /* SettingCell.xib */,
			);
			path = Cell;
			sourceTree = "<group>";
		};
		35DF6D372A6625BE005AD456 /* Setting */ = {
			isa = PBXGroup;
			children = (
				35DF6D382A6625CE005AD456 /* SettingItem.swift */,
				35DF6D3A2A6625D8005AD456 /* SettingSection.swift */,
			);
			path = Setting;
			sourceTree = "<group>";
		};
		35DF6D422A666E9E005AD456 /* Addon */ = {
			isa = PBXGroup;
			children = (
				352F73692A64ED9900423A08 /* Addon.swift */,
			);
			path = Addon;
			sourceTree = "<group>";
		};
		35DF6D462A66703B005AD456 /* Local */ = {
			isa = PBXGroup;
			children = (
				35DF6D532A66743A005AD456 /* DAO */,
				35DF6D502A6670CC005AD456 /* Entities */,
				35DF6D472A667044005AD456 /* Core */,
			);
			path = Local;
			sourceTree = "<group>";
		};
		35DF6D472A667044005AD456 /* Core */ = {
			isa = PBXGroup;
			children = (
				35DF6D482A667057005AD456 /* DBManager.swift */,
				35DF6D4A2A66706A005AD456 /* ModelConvertibleType.swift */,
				35DF6D4C2A667094005AD456 /* Reactive.swift */,
				35DF6D4E2A6670B0005AD456 /* RealmRepresentable.swift */,
			);
			path = Core;
			sourceTree = "<group>";
		};
		35DF6D502A6670CC005AD456 /* Entities */ = {
			isa = PBXGroup;
			children = (
				35DF6D512A6670DD005AD456 /* RAddon.swift */,
			);
			path = Entities;
			sourceTree = "<group>";
		};
		35DF6D532A66743A005AD456 /* DAO */ = {
			isa = PBXGroup;
			children = (
				35DF6D592A6674B9005AD456 /* AddonDAO */,
				35DF6D542A667440005AD456 /* Base */,
			);
			path = DAO;
			sourceTree = "<group>";
		};
		35DF6D542A667440005AD456 /* Base */ = {
			isa = PBXGroup;
			children = (
				35DF6D552A667451005AD456 /* BaseDao.swift */,
				35DF6D572A667471005AD456 /* BaseDaoService.swift */,
			);
			path = Base;
			sourceTree = "<group>";
		};
		35DF6D592A6674B9005AD456 /* AddonDAO */ = {
			isa = PBXGroup;
			children = (
				35DF6D5A2A6674D6005AD456 /* AddonDAO.swift */,
			);
			path = AddonDAO;
			sourceTree = "<group>";
		};
		E90CE2F4059F3DC103655586 /* Frameworks */ = {
			isa = PBXGroup;
			children = (
				19CE61126B01C0423980F160 /* Pods_Trainning_Project.framework */,
			);
			name = Frameworks;
			sourceTree = "<group>";
		};
/* End PBXGroup section */

/* Begin PBXNativeTarget section */
		352F72EC2A64D91700423A08 /* Trainning Project */ = {
			isa = PBXNativeTarget;
			buildConfigurationList = 352F73012A64D91800423A08 /* Build configuration list for PBXNativeTarget "Trainning Project" */;
			buildPhases = (
				9B59505F4FBDDC2D8A1389B8 /* [CP] Check Pods Manifest.lock */,
				352F72E92A64D91700423A08 /* Sources */,
				352F72EA2A64D91700423A08 /* Frameworks */,
				352F72EB2A64D91700423A08 /* Resources */,
				410AB86A4280C31C0AEA6770 /* [CP] Embed Pods Frameworks */,
			);
			buildRules = (
			);
			dependencies = (
			);
			name = "Trainning Project";
			productName = "Trainning Project";
			productReference = 352F72ED2A64D91700423A08 /* Trainning Project.app */;
			productType = "com.apple.product-type.application";
		};
/* End PBXNativeTarget section */

/* Begin PBXProject section */
		352F72E52A64D91700423A08 /* Project object */ = {
			isa = PBXProject;
			attributes = {
				BuildIndependentTargetsInParallel = 1;
				LastSwiftUpdateCheck = 1420;
				LastUpgradeCheck = 1420;
				TargetAttributes = {
					352F72EC2A64D91700423A08 = {
						CreatedOnToolsVersion = 14.2;
					};
				};
			};
			buildConfigurationList = 352F72E82A64D91700423A08 /* Build configuration list for PBXProject "Trainning Project" */;
			compatibilityVersion = "Xcode 14.0";
			developmentRegion = en;
			hasScannedForEncodings = 0;
			knownRegions = (
				en,
				Base,
			);
			mainGroup = 352F72E42A64D91700423A08;
			productRefGroup = 352F72EE2A64D91700423A08 /* Products */;
			projectDirPath = "";
			projectRoot = "";
			targets = (
				352F72EC2A64D91700423A08 /* Trainning Project */,
			);
		};
/* End PBXProject section */

/* Begin PBXResourcesBuildPhase section */
		352F72EB2A64D91700423A08 /* Resources */ = {
			isa = PBXResourcesBuildPhase;
			buildActionMask = 2147483647;
			files = (
				352F73332A64DAA300423A08 /* poppins_italic.ttf in Resources */,
				352F732F2A64DAA300423A08 /* minecrafter_alt.ttf in Resources */,
				352F73282A64DAA300423A08 /* minecraft_regular.otf in Resources */,
				352F738B2A64F8CA00423A08 /* AddonCell.xib in Resources */,
				352F73132A64DA6C00423A08 /* MainVC.xib in Resources */,
				352F73342A64DAA300423A08 /* space_grotesk_regular.ttf in Resources */,
				352F73262A64DAA300423A08 /* poppins_light.ttf in Resources */,
				352F732C2A64DAA300423A08 /* poppins_bold.ttf in Resources */,
				352F73272A64DAA300423A08 /* poppins_semibold.ttf in Resources */,
				352F73292A64DAA300423A08 /* minecrafter_reg.ttf in Resources */,
				352F732D2A64DAA300423A08 /* minecraft_bold_italic.otf in Resources */,
				35DF6D412A663E1C005AD456 /* SettingCell.xib in Resources */,
				352F72FD2A64D91800423A08 /* LaunchScreen.storyboard in Resources */,
				352F73312A64DAA300423A08 /* space_grotesk_light.ttf in Resources */,
				352F72FA2A64D91800423A08 /* Assets.xcassets in Resources */,
				352F732E2A64DAA300423A08 /* poppins_regular.ttf in Resources */,
				352F732A2A64DAA300423A08 /* poppins_medium.ttf in Resources */,
				352F73352A64DAA300423A08 /* minecraft_italic.otf in Resources */,
				35DF6D2F2A653D9E005AD456 /* DetailAddonVC.xib in Resources */,
				352F73302A64DAA300423A08 /* minecraft_bold.otf in Resources */,
				352F733D2A64DE5D00423A08 /* HomeVC.xib in Resources */,
				352F73322A64DAA300423A08 /* space_grotesk_medium.ttf in Resources */,
				352F73452A64DE8100423A08 /* SettingVC.xib in Resources */,
				352F732B2A64DAA300423A08 /* space_grotesk_bold.ttf in Resources */,
				352F73412A64DE7200423A08 /* FavoriteVC.xib in Resources */,
			);
			runOnlyForDeploymentPostprocessing = 0;
		};
/* End PBXResourcesBuildPhase section */

/* Begin PBXShellScriptBuildPhase section */
		410AB86A4280C31C0AEA6770 /* [CP] Embed Pods Frameworks */ = {
			isa = PBXShellScriptBuildPhase;
			buildActionMask = 2147483647;
			files = (
			);
			inputFileListPaths = (
				"${PODS_ROOT}/Target Support Files/Pods-Trainning Project/Pods-Trainning Project-frameworks-${CONFIGURATION}-input-files.xcfilelist",
			);
			name = "[CP] Embed Pods Frameworks";
			outputFileListPaths = (
				"${PODS_ROOT}/Target Support Files/Pods-Trainning Project/Pods-Trainning Project-frameworks-${CONFIGURATION}-output-files.xcfilelist",
			);
			runOnlyForDeploymentPostprocessing = 0;
			shellPath = /bin/sh;
			shellScript = "\"${PODS_ROOT}/Target Support Files/Pods-Trainning Project/Pods-Trainning Project-frameworks.sh\"\n";
			showEnvVarsInLog = 0;
		};
		9B59505F4FBDDC2D8A1389B8 /* [CP] Check Pods Manifest.lock */ = {
			isa = PBXShellScriptBuildPhase;
			buildActionMask = 2147483647;
			files = (
			);
			inputFileListPaths = (
			);
			inputPaths = (
				"${PODS_PODFILE_DIR_PATH}/Podfile.lock",
				"${PODS_ROOT}/Manifest.lock",
			);
			name = "[CP] Check Pods Manifest.lock";
			outputFileListPaths = (
			);
			outputPaths = (
				"$(DERIVED_FILE_DIR)/Pods-Trainning Project-checkManifestLockResult.txt",
			);
			runOnlyForDeploymentPostprocessing = 0;
			shellPath = /bin/sh;
			shellScript = "diff \"${PODS_PODFILE_DIR_PATH}/Podfile.lock\" \"${PODS_ROOT}/Manifest.lock\" > /dev/null\nif [ $? != 0 ] ; then\n    # print error to STDERR\n    echo \"error: The sandbox is not in sync with the Podfile.lock. Run 'pod install' or update your CocoaPods installation.\" >&2\n    exit 1\nfi\n# This output is used by Xcode 'outputs' to avoid re-running this script phase.\necho \"SUCCESS\" > \"${SCRIPT_OUTPUT_FILE_0}\"\n";
			showEnvVarsInLog = 0;
		};
/* End PBXShellScriptBuildPhase section */

/* Begin PBXSourcesBuildPhase section */
		352F72E92A64D91700423A08 /* Sources */ = {
			isa = PBXSourcesBuildPhase;
			buildActionMask = 2147483647;
			files = (
				352F73652A64E08800423A08 /* GradientView.swift in Sources */,
				352F737B2A64F38500423A08 /* appNetworkImp.swift in Sources */,
				352F73402A64DE7200423A08 /* FavoriteVC.swift in Sources */,
				352F73682A64E68100423A08 /* mainPageVC.swift in Sources */,
				352F734D2A64E04500423A08 /* BaseCollectionViewCell.swift in Sources */,
				35DF6D392A6625CE005AD456 /* SettingItem.swift in Sources */,
				35DF6D582A667471005AD456 /* BaseDaoService.swift in Sources */,
				352F73912A65224600423A08 /* HomeVM.swift in Sources */,
				35DF6D3D2A6631A7005AD456 /* SectionFooterView.swift in Sources */,
				352F73732A64F2E900423A08 /* NetworkProvider.swift in Sources */,
				35DF6D4B2A66706A005AD456 /* ModelConvertibleType.swift in Sources */,
				352F735F2A64E08100423A08 /* UITableView.swift in Sources */,
				35DF6D452A666FE9005AD456 /* FavoriteVM.swift in Sources */,
				352F737D2A64F3E100423A08 /* AppApi.swift in Sources */,
				3564C3192A6F6129008CED5B /* SharedFlowLayout.swift in Sources */,
				352F73602A64E08100423A08 /* UITextField.swift in Sources */,
				352F735E2A64E08100423A08 /* UICollectionView.swift in Sources */,
				352F738A2A64F8CA00423A08 /* AddonCell.swift in Sources */,
				3564C3152A670412008CED5B /* DetailAddonVM.swift in Sources */,
				352F733C2A64DE5D00423A08 /* HomeVC.swift in Sources */,
				3564C31B2A6F6689008CED5B /* CollectionViewCellSizeCalculator.swift in Sources */,
				352F73442A64DE8100423A08 /* SettingVC.swift in Sources */,
				352F738D2A651F1700423A08 /* KingFisher.swift in Sources */,
				352F737F2A64F41000423A08 /* Configs.swift in Sources */,
				352F73822A64F49100423A08 /* ReachabilityManager.swift in Sources */,
				352F736C2A64F07200423A08 /* Respository.swift in Sources */,
				352F73932A65237000423A08 /* AppDatasource.swift in Sources */,
				35DF6D562A667451005AD456 /* BaseDao.swift in Sources */,
				352F73862A64F4E900423A08 /* ApiServiceImp.swift in Sources */,
				35DF6D362A66254C005AD456 /* SettingVM.swift in Sources */,
				35DF6D5B2A6674D6005AD456 /* AddonDAO.swift in Sources */,
				35DF6D4D2A667094005AD456 /* Reactive.swift in Sources */,
				352F73792A64F37600423A08 /* appNetwork.swift in Sources */,
				352F735B2A64E08100423A08 /* UIView+Shadow.swift in Sources */,
				352F734E2A64E04500423A08 /* BaseVM.swift in Sources */,
				35DF6D4F2A6670B0005AD456 /* RealmRepresentable.swift in Sources */,
				352F73752A64F2FD00423A08 /* NetworkConfig.swift in Sources */,
				352F738F2A65205200423A08 /* RespositoryImp.swift in Sources */,
				352F735A2A64E08100423A08 /* UIView+Border+Corner.swift in Sources */,
				352F736A2A64ED9900423A08 /* Addon.swift in Sources */,
				352F72F12A64D91700423A08 /* AppDelegate.swift in Sources */,
				352F734B2A64E04500423A08 /* BaseTableViewCell.swift in Sources */,
				35DF6D522A6670DD005AD456 /* RAddon.swift in Sources */,
				3564C31D2A6F6A9E008CED5B /* NotificationBanner.swift in Sources */,
				352F735D2A64E08100423A08 /* UIColor.swift in Sources */,
				352F734C2A64E04500423A08 /* BaseVC.swift in Sources */,
				35DF6D3B2A6625D8005AD456 /* SettingSection.swift in Sources */,
				352F73842A64F4D700423A08 /* ApiService.swift in Sources */,
				35DF6D492A667057005AD456 /* DBManager.swift in Sources */,
				352F73612A64E08100423A08 /* String.swift in Sources */,
				35DF6D2E2A653D9E005AD456 /* DetailAddonVC.swift in Sources */,
				35DF6D402A663E1C005AD456 /* SettingCell.swift in Sources */,
				352F73122A64DA6C00423A08 /* MainVC.swift in Sources */,
				352F735C2A64E08100423A08 /* UIView+BorderInDirection.swift in Sources */,
			);
			runOnlyForDeploymentPostprocessing = 0;
		};
/* End PBXSourcesBuildPhase section */

/* Begin PBXVariantGroup section */
		352F72FB2A64D91800423A08 /* LaunchScreen.storyboard */ = {
			isa = PBXVariantGroup;
			children = (
				352F72FC2A64D91800423A08 /* Base */,
			);
			name = LaunchScreen.storyboard;
			sourceTree = "<group>";
		};
/* End PBXVariantGroup section */

/* Begin XCBuildConfiguration section */
		352F72FF2A64D91800423A08 /* Debug */ = {
			isa = XCBuildConfiguration;
			buildSettings = {
				ALWAYS_SEARCH_USER_PATHS = NO;
				CLANG_ANALYZER_NONNULL = YES;
				CLANG_ANALYZER_NUMBER_OBJECT_CONVERSION = YES_AGGRESSIVE;
				CLANG_CXX_LANGUAGE_STANDARD = "gnu++20";
				CLANG_ENABLE_MODULES = YES;
				CLANG_ENABLE_OBJC_ARC = YES;
				CLANG_ENABLE_OBJC_WEAK = YES;
				CLANG_WARN_BLOCK_CAPTURE_AUTORELEASING = YES;
				CLANG_WARN_BOOL_CONVERSION = YES;
				CLANG_WARN_COMMA = YES;
				CLANG_WARN_CONSTANT_CONVERSION = YES;
				CLANG_WARN_DEPRECATED_OBJC_IMPLEMENTATIONS = YES;
				CLANG_WARN_DIRECT_OBJC_ISA_USAGE = YES_ERROR;
				CLANG_WARN_DOCUMENTATION_COMMENTS = YES;
				CLANG_WARN_EMPTY_BODY = YES;
				CLANG_WARN_ENUM_CONVERSION = YES;
				CLANG_WARN_INFINITE_RECURSION = YES;
				CLANG_WARN_INT_CONVERSION = YES;
				CLANG_WARN_NON_LITERAL_NULL_CONVERSION = YES;
				CLANG_WARN_OBJC_IMPLICIT_RETAIN_SELF = YES;
				CLANG_WARN_OBJC_LITERAL_CONVERSION = YES;
				CLANG_WARN_OBJC_ROOT_CLASS = YES_ERROR;
				CLANG_WARN_QUOTED_INCLUDE_IN_FRAMEWORK_HEADER = YES;
				CLANG_WARN_RANGE_LOOP_ANALYSIS = YES;
				CLANG_WARN_STRICT_PROTOTYPES = YES;
				CLANG_WARN_SUSPICIOUS_MOVE = YES;
				CLANG_WARN_UNGUARDED_AVAILABILITY = YES_AGGRESSIVE;
				CLANG_WARN_UNREACHABLE_CODE = YES;
				CLANG_WARN__DUPLICATE_METHOD_MATCH = YES;
				COPY_PHASE_STRIP = NO;
				DEBUG_INFORMATION_FORMAT = dwarf;
				ENABLE_STRICT_OBJC_MSGSEND = YES;
				ENABLE_TESTABILITY = YES;
				GCC_C_LANGUAGE_STANDARD = gnu11;
				GCC_DYNAMIC_NO_PIC = NO;
				GCC_NO_COMMON_BLOCKS = YES;
				GCC_OPTIMIZATION_LEVEL = 0;
				GCC_PREPROCESSOR_DEFINITIONS = (
					"DEBUG=1",
					"$(inherited)",
				);
				GCC_WARN_64_TO_32_BIT_CONVERSION = YES;
				GCC_WARN_ABOUT_RETURN_TYPE = YES_ERROR;
				GCC_WARN_UNDECLARED_SELECTOR = YES;
				GCC_WARN_UNINITIALIZED_AUTOS = YES_AGGRESSIVE;
				GCC_WARN_UNUSED_FUNCTION = YES;
				GCC_WARN_UNUSED_VARIABLE = YES;
				IPHONEOS_DEPLOYMENT_TARGET = 16.2;
				MTL_ENABLE_DEBUG_INFO = INCLUDE_SOURCE;
				MTL_FAST_MATH = YES;
				ONLY_ACTIVE_ARCH = YES;
				SDKROOT = iphoneos;
				SWIFT_ACTIVE_COMPILATION_CONDITIONS = DEBUG;
				SWIFT_OPTIMIZATION_LEVEL = "-Onone";
			};
			name = Debug;
		};
		352F73002A64D91800423A08 /* Release */ = {
			isa = XCBuildConfiguration;
			buildSettings = {
				ALWAYS_SEARCH_USER_PATHS = NO;
				CLANG_ANALYZER_NONNULL = YES;
				CLANG_ANALYZER_NUMBER_OBJECT_CONVERSION = YES_AGGRESSIVE;
				CLANG_CXX_LANGUAGE_STANDARD = "gnu++20";
				CLANG_ENABLE_MODULES = YES;
				CLANG_ENABLE_OBJC_ARC = YES;
				CLANG_ENABLE_OBJC_WEAK = YES;
				CLANG_WARN_BLOCK_CAPTURE_AUTORELEASING = YES;
				CLANG_WARN_BOOL_CONVERSION = YES;
				CLANG_WARN_COMMA = YES;
				CLANG_WARN_CONSTANT_CONVERSION = YES;
				CLANG_WARN_DEPRECATED_OBJC_IMPLEMENTATIONS = YES;
				CLANG_WARN_DIRECT_OBJC_ISA_USAGE = YES_ERROR;
				CLANG_WARN_DOCUMENTATION_COMMENTS = YES;
				CLANG_WARN_EMPTY_BODY = YES;
				CLANG_WARN_ENUM_CONVERSION = YES;
				CLANG_WARN_INFINITE_RECURSION = YES;
				CLANG_WARN_INT_CONVERSION = YES;
				CLANG_WARN_NON_LITERAL_NULL_CONVERSION = YES;
				CLANG_WARN_OBJC_IMPLICIT_RETAIN_SELF = YES;
				CLANG_WARN_OBJC_LITERAL_CONVERSION = YES;
				CLANG_WARN_OBJC_ROOT_CLASS = YES_ERROR;
				CLANG_WARN_QUOTED_INCLUDE_IN_FRAMEWORK_HEADER = YES;
				CLANG_WARN_RANGE_LOOP_ANALYSIS = YES;
				CLANG_WARN_STRICT_PROTOTYPES = YES;
				CLANG_WARN_SUSPICIOUS_MOVE = YES;
				CLANG_WARN_UNGUARDED_AVAILABILITY = YES_AGGRESSIVE;
				CLANG_WARN_UNREACHABLE_CODE = YES;
				CLANG_WARN__DUPLICATE_METHOD_MATCH = YES;
				COPY_PHASE_STRIP = NO;
				DEBUG_INFORMATION_FORMAT = "dwarf-with-dsym";
				ENABLE_NS_ASSERTIONS = NO;
				ENABLE_STRICT_OBJC_MSGSEND = YES;
				GCC_C_LANGUAGE_STANDARD = gnu11;
				GCC_NO_COMMON_BLOCKS = YES;
				GCC_WARN_64_TO_32_BIT_CONVERSION = YES;
				GCC_WARN_ABOUT_RETURN_TYPE = YES_ERROR;
				GCC_WARN_UNDECLARED_SELECTOR = YES;
				GCC_WARN_UNINITIALIZED_AUTOS = YES_AGGRESSIVE;
				GCC_WARN_UNUSED_FUNCTION = YES;
				GCC_WARN_UNUSED_VARIABLE = YES;
				IPHONEOS_DEPLOYMENT_TARGET = 16.2;
				MTL_ENABLE_DEBUG_INFO = NO;
				MTL_FAST_MATH = YES;
				SDKROOT = iphoneos;
				SWIFT_COMPILATION_MODE = wholemodule;
				SWIFT_OPTIMIZATION_LEVEL = "-O";
				VALIDATE_PRODUCT = YES;
			};
			name = Release;
		};
		352F73022A64D91800423A08 /* Debug */ = {
			isa = XCBuildConfiguration;
			baseConfigurationReference = 6356562FA624C039304B6394 /* Pods-Trainning Project.debug.xcconfig */;
			buildSettings = {
				ASSETCATALOG_COMPILER_APPICON_NAME = AppIcon;
				ASSETCATALOG_COMPILER_GLOBAL_ACCENT_COLOR_NAME = AccentColor;
				CODE_SIGN_STYLE = Automatic;
				CURRENT_PROJECT_VERSION = 1;
				GENERATE_INFOPLIST_FILE = YES;
				INFOPLIST_FILE = "Trainning Project/GlobalDefine/Info.plist";
				INFOPLIST_KEY_UIApplicationSupportsIndirectInputEvents = YES;
				INFOPLIST_KEY_UILaunchStoryboardName = LaunchScreen;
				INFOPLIST_KEY_UIMainStoryboardFile = "";
				INFOPLIST_KEY_UISupportedInterfaceOrientations_iPad = "UIInterfaceOrientationPortrait UIInterfaceOrientationPortraitUpsideDown UIInterfaceOrientationLandscapeLeft UIInterfaceOrientationLandscapeRight";
				INFOPLIST_KEY_UISupportedInterfaceOrientations_iPhone = "UIInterfaceOrientationPortrait UIInterfaceOrientationLandscapeLeft UIInterfaceOrientationLandscapeRight";
				IPHONEOS_DEPLOYMENT_TARGET = 14.0;
				LD_RUNPATH_SEARCH_PATHS = (
					"$(inherited)",
					"@executable_path/Frameworks",
				);
				MARKETING_VERSION = 1.0;
				PRODUCT_BUNDLE_IDENTIFIER = "com.KietKoy.Trainning-Project";
				PRODUCT_NAME = "$(TARGET_NAME)";
				SWIFT_EMIT_LOC_STRINGS = YES;
				SWIFT_VERSION = 5.0;
				TARGETED_DEVICE_FAMILY = "1,2";
			};
			name = Debug;
		};
		352F73032A64D91800423A08 /* Release */ = {
			isa = XCBuildConfiguration;
			baseConfigurationReference = A98791FB214EFFCD2CBDBE7A /* Pods-Trainning Project.release.xcconfig */;
			buildSettings = {
				ASSETCATALOG_COMPILER_APPICON_NAME = AppIcon;
				ASSETCATALOG_COMPILER_GLOBAL_ACCENT_COLOR_NAME = AccentColor;
				CODE_SIGN_STYLE = Automatic;
				CURRENT_PROJECT_VERSION = 1;
				GENERATE_INFOPLIST_FILE = YES;
				INFOPLIST_FILE = "Trainning Project/GlobalDefine/Info.plist";
				INFOPLIST_KEY_UIApplicationSupportsIndirectInputEvents = YES;
				INFOPLIST_KEY_UILaunchStoryboardName = LaunchScreen;
				INFOPLIST_KEY_UIMainStoryboardFile = "";
				INFOPLIST_KEY_UISupportedInterfaceOrientations_iPad = "UIInterfaceOrientationPortrait UIInterfaceOrientationPortraitUpsideDown UIInterfaceOrientationLandscapeLeft UIInterfaceOrientationLandscapeRight";
				INFOPLIST_KEY_UISupportedInterfaceOrientations_iPhone = "UIInterfaceOrientationPortrait UIInterfaceOrientationLandscapeLeft UIInterfaceOrientationLandscapeRight";
				IPHONEOS_DEPLOYMENT_TARGET = 14.0;
				LD_RUNPATH_SEARCH_PATHS = (
					"$(inherited)",
					"@executable_path/Frameworks",
				);
				MARKETING_VERSION = 1.0;
				PRODUCT_BUNDLE_IDENTIFIER = "com.KietKoy.Trainning-Project";
				PRODUCT_NAME = "$(TARGET_NAME)";
				SWIFT_EMIT_LOC_STRINGS = YES;
				SWIFT_VERSION = 5.0;
				TARGETED_DEVICE_FAMILY = "1,2";
			};
			name = Release;
		};
/* End XCBuildConfiguration section */

/* Begin XCConfigurationList section */
		352F72E82A64D91700423A08 /* Build configuration list for PBXProject "Trainning Project" */ = {
			isa = XCConfigurationList;
			buildConfigurations = (
				352F72FF2A64D91800423A08 /* Debug */,
				352F73002A64D91800423A08 /* Release */,
			);
			defaultConfigurationIsVisible = 0;
			defaultConfigurationName = Release;
		};
		352F73012A64D91800423A08 /* Build configuration list for PBXNativeTarget "Trainning Project" */ = {
			isa = XCConfigurationList;
			buildConfigurations = (
				352F73022A64D91800423A08 /* Debug */,
				352F73032A64D91800423A08 /* Release */,
			);
			defaultConfigurationIsVisible = 0;
			defaultConfigurationName = Release;
		};
/* End XCConfigurationList section */
	};
	rootObject = 352F72E52A64D91700423A08 /* Project object */;
}
